// !$*UTF8*$!
{
	archiveVersion = 1;
	classes = {
	};
	objectVersion = 46;
	objects = {

/* Begin PBXBuildFile section */
		6A395FBC191FBA9E00434D11 /* Foundation.framework in Frameworks */ = {isa = PBXBuildFile; fileRef = 6A395FBB191FBA9E00434D11 /* Foundation.framework */; };
		6A395FBE191FBA9E00434D11 /* CoreGraphics.framework in Frameworks */ = {isa = PBXBuildFile; fileRef = 6A395FBD191FBA9E00434D11 /* CoreGraphics.framework */; };
		6A395FC0191FBA9E00434D11 /* UIKit.framework in Frameworks */ = {isa = PBXBuildFile; fileRef = 6A395FBF191FBA9E00434D11 /* UIKit.framework */; };
		6A395FC6191FBA9F00434D11 /* InfoPlist.strings in Resources */ = {isa = PBXBuildFile; fileRef = 6A395FC4191FBA9F00434D11 /* InfoPlist.strings */; };
		6A395FC8191FBA9F00434D11 /* main.m in Sources */ = {isa = PBXBuildFile; fileRef = 6A395FC7191FBA9F00434D11 /* main.m */; };
		6A395FCC191FBA9F00434D11 /* RBAppDelegate.m in Sources */ = {isa = PBXBuildFile; fileRef = 6A395FCB191FBA9F00434D11 /* RBAppDelegate.m */; };
		6A395FCF191FBA9F00434D11 /* Main.storyboard in Resources */ = {isa = PBXBuildFile; fileRef = 6A395FCD191FBA9F00434D11 /* Main.storyboard */; };
		6A395FD2191FBA9F00434D11 /* RBViewController.m in Sources */ = {isa = PBXBuildFile; fileRef = 6A395FD1191FBA9F00434D11 /* RBViewController.m */; };
		6A395FD4191FBA9F00434D11 /* Images.xcassets in Resources */ = {isa = PBXBuildFile; fileRef = 6A395FD3191FBA9F00434D11 /* Images.xcassets */; };
		6A395FDB191FBA9F00434D11 /* XCTest.framework in Frameworks */ = {isa = PBXBuildFile; fileRef = 6A395FDA191FBA9F00434D11 /* XCTest.framework */; };
		6A395FDC191FBA9F00434D11 /* Foundation.framework in Frameworks */ = {isa = PBXBuildFile; fileRef = 6A395FBB191FBA9E00434D11 /* Foundation.framework */; };
		6A395FDD191FBA9F00434D11 /* UIKit.framework in Frameworks */ = {isa = PBXBuildFile; fileRef = 6A395FBF191FBA9E00434D11 /* UIKit.framework */; };
		6A395FE5191FBA9F00434D11 /* InfoPlist.strings in Resources */ = {isa = PBXBuildFile; fileRef = 6A395FE3191FBA9F00434D11 /* InfoPlist.strings */; };
		6A395FE7191FBA9F00434D11 /* RBVideoPickerDemoTests.m in Sources */ = {isa = PBXBuildFile; fileRef = 6A395FE6191FBA9F00434D11 /* RBVideoPickerDemoTests.m */; };
		6A395FF71920199500434D11 /* QuartzCore.framework in Frameworks */ = {isa = PBXBuildFile; fileRef = 6A395FF61920199500434D11 /* QuartzCore.framework */; };
		6A395FF91920199B00434D11 /* AVFoundation.framework in Frameworks */ = {isa = PBXBuildFile; fileRef = 6A395FF81920199B00434D11 /* AVFoundation.framework */; };
		6ABE3DC81922944A00ABED8E /* RBVideoPicker.m in Sources */ = {isa = PBXBuildFile; fileRef = 6ABE3DC71922944A00ABED8E /* RBVideoPicker.m */; };
		6ABE3DC91922944A00ABED8E /* RBVideoPicker.m in Sources */ = {isa = PBXBuildFile; fileRef = 6ABE3DC71922944A00ABED8E /* RBVideoPicker.m */; };
/* End PBXBuildFile section */

/* Begin PBXContainerItemProxy section */
		6A395FDE191FBA9F00434D11 /* PBXContainerItemProxy */ = {
			isa = PBXContainerItemProxy;
			containerPortal = 6A395FB0191FBA9E00434D11 /* Project object */;
			proxyType = 1;
			remoteGlobalIDString = 6A395FB7191FBA9E00434D11;
			remoteInfo = RBVideoPickerDemo;
		};
/* End PBXContainerItemProxy section */

/* Begin PBXFileReference section */
		6A395FB8191FBA9E00434D11 /* RBVideoPickerDemo.app */ = {isa = PBXFileReference; explicitFileType = wrapper.application; includeInIndex = 0; path = RBVideoPickerDemo.app; sourceTree = BUILT_PRODUCTS_DIR; };
		6A395FBB191FBA9E00434D11 /* Foundation.framework */ = {isa = PBXFileReference; lastKnownFileType = wrapper.framework; name = Foundation.framework; path = System/Library/Frameworks/Foundation.framework; sourceTree = SDKROOT; };
		6A395FBD191FBA9E00434D11 /* CoreGraphics.framework */ = {isa = PBXFileReference; lastKnownFileType = wrapper.framework; name = CoreGraphics.framework; path = System/Library/Frameworks/CoreGraphics.framework; sourceTree = SDKROOT; };
		6A395FBF191FBA9E00434D11 /* UIKit.framework */ = {isa = PBXFileReference; lastKnownFileType = wrapper.framework; name = UIKit.framework; path = System/Library/Frameworks/UIKit.framework; sourceTree = SDKROOT; };
		6A395FC3191FBA9F00434D11 /* RBVideoPickerDemo-Info.plist */ = {isa = PBXFileReference; lastKnownFileType = text.plist.xml; path = "RBVideoPickerDemo-Info.plist"; sourceTree = "<group>"; };
		6A395FC5191FBA9F00434D11 /* en */ = {isa = PBXFileReference; lastKnownFileType = text.plist.strings; name = en; path = en.lproj/InfoPlist.strings; sourceTree = "<group>"; };
		6A395FC7191FBA9F00434D11 /* main.m */ = {isa = PBXFileReference; lastKnownFileType = sourcecode.c.objc; path = main.m; sourceTree = "<group>"; };
		6A395FC9191FBA9F00434D11 /* RBVideoPickerDemo-Prefix.pch */ = {isa = PBXFileReference; lastKnownFileType = sourcecode.c.h; path = "RBVideoPickerDemo-Prefix.pch"; sourceTree = "<group>"; };
		6A395FCA191FBA9F00434D11 /* RBAppDelegate.h */ = {isa = PBXFileReference; lastKnownFileType = sourcecode.c.h; path = RBAppDelegate.h; sourceTree = "<group>"; };
		6A395FCB191FBA9F00434D11 /* RBAppDelegate.m */ = {isa = PBXFileReference; lastKnownFileType = sourcecode.c.objc; path = RBAppDelegate.m; sourceTree = "<group>"; };
		6A395FCE191FBA9F00434D11 /* Base */ = {isa = PBXFileReference; lastKnownFileType = file.storyboard; name = Base; path = Base.lproj/Main.storyboard; sourceTree = "<group>"; };
		6A395FD0191FBA9F00434D11 /* RBViewController.h */ = {isa = PBXFileReference; lastKnownFileType = sourcecode.c.h; path = RBViewController.h; sourceTree = "<group>"; };
		6A395FD1191FBA9F00434D11 /* RBViewController.m */ = {isa = PBXFileReference; lastKnownFileType = sourcecode.c.objc; path = RBViewController.m; sourceTree = "<group>"; };
		6A395FD3191FBA9F00434D11 /* Images.xcassets */ = {isa = PBXFileReference; lastKnownFileType = folder.assetcatalog; path = Images.xcassets; sourceTree = "<group>"; };
		6A395FD9191FBA9F00434D11 /* RBVideoPickerDemoTests.xctest */ = {isa = PBXFileReference; explicitFileType = wrapper.cfbundle; includeInIndex = 0; path = RBVideoPickerDemoTests.xctest; sourceTree = BUILT_PRODUCTS_DIR; };
		6A395FDA191FBA9F00434D11 /* XCTest.framework */ = {isa = PBXFileReference; lastKnownFileType = wrapper.framework; name = XCTest.framework; path = Library/Frameworks/XCTest.framework; sourceTree = DEVELOPER_DIR; };
		6A395FE2191FBA9F00434D11 /* RBVideoPickerDemoTests-Info.plist */ = {isa = PBXFileReference; lastKnownFileType = text.plist.xml; path = "RBVideoPickerDemoTests-Info.plist"; sourceTree = "<group>"; };
		6A395FE4191FBA9F00434D11 /* en */ = {isa = PBXFileReference; lastKnownFileType = text.plist.strings; name = en; path = en.lproj/InfoPlist.strings; sourceTree = "<group>"; };
		6A395FE6191FBA9F00434D11 /* RBVideoPickerDemoTests.m */ = {isa = PBXFileReference; lastKnownFileType = sourcecode.c.objc; path = RBVideoPickerDemoTests.m; sourceTree = "<group>"; };
		6A395FF4191FBAFC00434D11 /* RBVideoControllerDelegate.h */ = {isa = PBXFileReference; fileEncoding = 4; lastKnownFileType = sourcecode.c.h; path = RBVideoControllerDelegate.h; sourceTree = "<group>"; };
		6A395FF61920199500434D11 /* QuartzCore.framework */ = {isa = PBXFileReference; lastKnownFileType = wrapper.framework; name = QuartzCore.framework; path = System/Library/Frameworks/QuartzCore.framework; sourceTree = SDKROOT; };
		6A395FF81920199B00434D11 /* AVFoundation.framework */ = {isa = PBXFileReference; lastKnownFileType = wrapper.framework; name = AVFoundation.framework; path = System/Library/Frameworks/AVFoundation.framework; sourceTree = SDKROOT; };
		6ABE3DC61922944A00ABED8E /* RBVideoPicker.h */ = {isa = PBXFileReference; fileEncoding = 4; lastKnownFileType = sourcecode.c.h; name = RBVideoPicker.h; path = VideoPicker/RBVideoPicker.h; sourceTree = SOURCE_ROOT; };
		6ABE3DC71922944A00ABED8E /* RBVideoPicker.m */ = {isa = PBXFileReference; fileEncoding = 4; lastKnownFileType = sourcecode.c.objc; name = RBVideoPicker.m; path = VideoPicker/RBVideoPicker.m; sourceTree = SOURCE_ROOT; };
/* End PBXFileReference section */

/* Begin PBXFrameworksBuildPhase section */
		6A395FB5191FBA9E00434D11 /* Frameworks */ = {
			isa = PBXFrameworksBuildPhase;
			buildActionMask = 2147483647;
			files = (
				6A395FF91920199B00434D11 /* AVFoundation.framework in Frameworks */,
				6A395FF71920199500434D11 /* QuartzCore.framework in Frameworks */,
				6A395FBE191FBA9E00434D11 /* CoreGraphics.framework in Frameworks */,
				6A395FC0191FBA9E00434D11 /* UIKit.framework in Frameworks */,
				6A395FBC191FBA9E00434D11 /* Foundation.framework in Frameworks */,
			);
			runOnlyForDeploymentPostprocessing = 0;
		};
		6A395FD6191FBA9F00434D11 /* Frameworks */ = {
			isa = PBXFrameworksBuildPhase;
			buildActionMask = 2147483647;
			files = (
				6A395FDB191FBA9F00434D11 /* XCTest.framework in Frameworks */,
				6A395FDD191FBA9F00434D11 /* UIKit.framework in Frameworks */,
				6A395FDC191FBA9F00434D11 /* Foundation.framework in Frameworks */,
			);
			runOnlyForDeploymentPostprocessing = 0;
		};
/* End PBXFrameworksBuildPhase section */

/* Begin PBXGroup section */
		6A395FAF191FBA9E00434D11 = {
			isa = PBXGroup;
			children = (
				6A395FC1191FBA9F00434D11 /* RBVideoPickerDemo */,
				6A395FE0191FBA9F00434D11 /* RBVideoPickerDemoTests */,
				6A395FBA191FBA9E00434D11 /* Frameworks */,
				6A395FB9191FBA9E00434D11 /* Products */,
			);
			sourceTree = "<group>";
		};
		6A395FB9191FBA9E00434D11 /* Products */ = {
			isa = PBXGroup;
			children = (
				6A395FB8191FBA9E00434D11 /* RBVideoPickerDemo.app */,
				6A395FD9191FBA9F00434D11 /* RBVideoPickerDemoTests.xctest */,
			);
			name = Products;
			sourceTree = "<group>";
		};
		6A395FBA191FBA9E00434D11 /* Frameworks */ = {
			isa = PBXGroup;
			children = (
				6A395FF81920199B00434D11 /* AVFoundation.framework */,
				6A395FF61920199500434D11 /* QuartzCore.framework */,
				6A395FBB191FBA9E00434D11 /* Foundation.framework */,
				6A395FBD191FBA9E00434D11 /* CoreGraphics.framework */,
				6A395FBF191FBA9E00434D11 /* UIKit.framework */,
				6A395FDA191FBA9F00434D11 /* XCTest.framework */,
			);
			name = Frameworks;
			sourceTree = "<group>";
		};
		6A395FC1191FBA9F00434D11 /* RBVideoPickerDemo */ = {
			isa = PBXGroup;
			children = (
				6ABE3DC5192293D900ABED8E /* Delegate */,
				6A395FF0191FBAA600434D11 /* RBVideoPicker */,
				6A395FCD191FBA9F00434D11 /* Main.storyboard */,
				6A395FD0191FBA9F00434D11 /* RBViewController.h */,
				6A395FD1191FBA9F00434D11 /* RBViewController.m */,
				6A395FD3191FBA9F00434D11 /* Images.xcassets */,
				6A395FC2191FBA9F00434D11 /* Supporting Files */,
			);
			path = RBVideoPickerDemo;
			sourceTree = "<group>";
		};
		6A395FC2191FBA9F00434D11 /* Supporting Files */ = {
			isa = PBXGroup;
			children = (
				6A395FC3191FBA9F00434D11 /* RBVideoPickerDemo-Info.plist */,
				6A395FC4191FBA9F00434D11 /* InfoPlist.strings */,
				6A395FC7191FBA9F00434D11 /* main.m */,
				6A395FC9191FBA9F00434D11 /* RBVideoPickerDemo-Prefix.pch */,
			);
			name = "Supporting Files";
			sourceTree = "<group>";
		};
		6A395FE0191FBA9F00434D11 /* RBVideoPickerDemoTests */ = {
			isa = PBXGroup;
			children = (
				6A395FE6191FBA9F00434D11 /* RBVideoPickerDemoTests.m */,
				6A395FE1191FBA9F00434D11 /* Supporting Files */,
			);
			path = RBVideoPickerDemoTests;
			sourceTree = "<group>";
		};
		6A395FE1191FBA9F00434D11 /* Supporting Files */ = {
			isa = PBXGroup;
			children = (
				6A395FE2191FBA9F00434D11 /* RBVideoPickerDemoTests-Info.plist */,
				6A395FE3191FBA9F00434D11 /* InfoPlist.strings */,
			);
			name = "Supporting Files";
			sourceTree = "<group>";
		};
		6A395FF0191FBAA600434D11 /* RBVideoPicker */ = {
			isa = PBXGroup;
			children = (
				6ABE3DC4192293B500ABED8E /* Video PickerClass */,
				6A395FF5191FBB0200434D11 /* Protocol */,
			);
			name = RBVideoPicker;
			sourceTree = "<group>";
		};
		6A395FF5191FBB0200434D11 /* Protocol */ = {
			isa = PBXGroup;
			children = (
				6A395FF4191FBAFC00434D11 /* RBVideoControllerDelegate.h */,
			);
			name = Protocol;
			sourceTree = "<group>";
		};
		6ABE3DC4192293B500ABED8E /* Video PickerClass */ = {
			isa = PBXGroup;
			children = (
				6ABE3DC61922944A00ABED8E /* RBVideoPicker.h */,
				6ABE3DC71922944A00ABED8E /* RBVideoPicker.m */,
			);
			name = "Video PickerClass";
			sourceTree = "<group>";
		};
		6ABE3DC5192293D900ABED8E /* Delegate */ = {
			isa = PBXGroup;
			children = (
				6A395FCA191FBA9F00434D11 /* RBAppDelegate.h */,
				6A395FCB191FBA9F00434D11 /* RBAppDelegate.m */,
			);
			name = Delegate;
			sourceTree = "<group>";
		};
/* End PBXGroup section */

/* Begin PBXNativeTarget section */
		6A395FB7191FBA9E00434D11 /* RBVideoPickerDemo */ = {
			isa = PBXNativeTarget;
			buildConfigurationList = 6A395FEA191FBA9F00434D11 /* Build configuration list for PBXNativeTarget "RBVideoPickerDemo" */;
			buildPhases = (
				6A395FB4191FBA9E00434D11 /* Sources */,
				6A395FB5191FBA9E00434D11 /* Frameworks */,
				6A395FB6191FBA9E00434D11 /* Resources */,
			);
			buildRules = (
			);
			dependencies = (
			);
			name = RBVideoPickerDemo;
			productName = RBVideoPickerDemo;
			productReference = 6A395FB8191FBA9E00434D11 /* RBVideoPickerDemo.app */;
			productType = "com.apple.product-type.application";
		};
		6A395FD8191FBA9F00434D11 /* RBVideoPickerDemoTests */ = {
			isa = PBXNativeTarget;
			buildConfigurationList = 6A395FED191FBA9F00434D11 /* Build configuration list for PBXNativeTarget "RBVideoPickerDemoTests" */;
			buildPhases = (
				6A395FD5191FBA9F00434D11 /* Sources */,
				6A395FD6191FBA9F00434D11 /* Frameworks */,
				6A395FD7191FBA9F00434D11 /* Resources */,
			);
			buildRules = (
			);
			dependencies = (
				6A395FDF191FBA9F00434D11 /* PBXTargetDependency */,
			);
			name = RBVideoPickerDemoTests;
			productName = RBVideoPickerDemoTests;
			productReference = 6A395FD9191FBA9F00434D11 /* RBVideoPickerDemoTests.xctest */;
			productType = "com.apple.product-type.bundle.unit-test";
		};
/* End PBXNativeTarget section */

/* Begin PBXProject section */
		6A395FB0191FBA9E00434D11 /* Project object */ = {
			isa = PBXProject;
			attributes = {
				CLASSPREFIX = RB;
				LastUpgradeCheck = 0510;
				ORGANIZATIONNAME = Uniq;
				TargetAttributes = {
					6A395FD8191FBA9F00434D11 = {
						TestTargetID = 6A395FB7191FBA9E00434D11;
					};
				};
			};
			buildConfigurationList = 6A395FB3191FBA9E00434D11 /* Build configuration list for PBXProject "RBVideoPickerDemo" */;
			compatibilityVersion = "Xcode 3.2";
			developmentRegion = English;
			hasScannedForEncodings = 0;
			knownRegions = (
				en,
				Base,
			);
			mainGroup = 6A395FAF191FBA9E00434D11;
			productRefGroup = 6A395FB9191FBA9E00434D11 /* Products */;
			projectDirPath = "";
			projectRoot = "";
			targets = (
				6A395FB7191FBA9E00434D11 /* RBVideoPickerDemo */,
				6A395FD8191FBA9F00434D11 /* RBVideoPickerDemoTests */,
			);
		};
/* End PBXProject section */

/* Begin PBXResourcesBuildPhase section */
		6A395FB6191FBA9E00434D11 /* Resources */ = {
			isa = PBXResourcesBuildPhase;
			buildActionMask = 2147483647;
			files = (
				6A395FD4191FBA9F00434D11 /* Images.xcassets in Resources */,
				6A395FC6191FBA9F00434D11 /* InfoPlist.strings in Resources */,
				6A395FCF191FBA9F00434D11 /* Main.storyboard in Resources */,
			);
			runOnlyForDeploymentPostprocessing = 0;
		};
		6A395FD7191FBA9F00434D11 /* Resources */ = {
			isa = PBXResourcesBuildPhase;
			buildActionMask = 2147483647;
			files = (
				6A395FE5191FBA9F00434D11 /* InfoPlist.strings in Resources */,
			);
			runOnlyForDeploymentPostprocessing = 0;
		};
/* End PBXResourcesBuildPhase section */

/* Begin PBXSourcesBuildPhase section */
		6A395FB4191FBA9E00434D11 /* Sources */ = {
			isa = PBXSourcesBuildPhase;
			buildActionMask = 2147483647;
			files = (
				6A395FCC191FBA9F00434D11 /* RBAppDelegate.m in Sources */,
				6A395FC8191FBA9F00434D11 /* main.m in Sources */,
				6A395FD2191FBA9F00434D11 /* RBViewController.m in Sources */,
				6ABE3DC81922944A00ABED8E /* RBVideoPicker.m in Sources */,
			);
			runOnlyForDeploymentPostprocessing = 0;
		};
		6A395FD5191FBA9F00434D11 /* Sources */ = {
			isa = PBXSourcesBuildPhase;
			buildActionMask = 2147483647;
			files = (
				6A395FE7191FBA9F00434D11 /* RBVideoPickerDemoTests.m in Sources */,
				6ABE3DC91922944A00ABED8E /* RBVideoPicker.m in Sources */,
			);
			runOnlyForDeploymentPostprocessing = 0;
		};
/* End PBXSourcesBuildPhase section */

/* Begin PBXTargetDependency section */
		6A395FDF191FBA9F00434D11 /* PBXTargetDependency */ = {
			isa = PBXTargetDependency;
			target = 6A395FB7191FBA9E00434D11 /* RBVideoPickerDemo */;
			targetProxy = 6A395FDE191FBA9F00434D11 /* PBXContainerItemProxy */;
		};
/* End PBXTargetDependency section */

/* Begin PBXVariantGroup section */
		6A395FC4191FBA9F00434D11 /* InfoPlist.strings */ = {
			isa = PBXVariantGroup;
			children = (
				6A395FC5191FBA9F00434D11 /* en */,
			);
			name = InfoPlist.strings;
			sourceTree = "<group>";
		};
		6A395FCD191FBA9F00434D11 /* Main.storyboard */ = {
			isa = PBXVariantGroup;
			children = (
				6A395FCE191FBA9F00434D11 /* Base */,
			);
			name = Main.storyboard;
			sourceTree = "<group>";
		};
		6A395FE3191FBA9F00434D11 /* InfoPlist.strings */ = {
			isa = PBXVariantGroup;
			children = (
				6A395FE4191FBA9F00434D11 /* en */,
			);
			name = InfoPlist.strings;
			sourceTree = "<group>";
		};
/* End PBXVariantGroup section */

/* Begin XCBuildConfiguration section */
		6A395FE8191FBA9F00434D11 /* Debug */ = {
			isa = XCBuildConfiguration;
			buildSettings = {
				ALWAYS_SEARCH_USER_PATHS = NO;
				CLANG_CXX_LANGUAGE_STANDARD = "gnu++0x";
				CLANG_CXX_LIBRARY = "libc++";
				CLANG_ENABLE_MODULES = YES;
				CLANG_ENABLE_OBJC_ARC = YES;
				CLANG_WARN_BOOL_CONVERSION = YES;
				CLANG_WARN_CONSTANT_CONVERSION = YES;
				CLANG_WARN_DIRECT_OBJC_ISA_USAGE = YES_ERROR;
				CLANG_WARN_EMPTY_BODY = YES;
				CLANG_WARN_ENUM_CONVERSION = YES;
				CLANG_WARN_INT_CONVERSION = YES;
				CLANG_WARN_OBJC_ROOT_CLASS = YES_ERROR;
				CLANG_WARN__DUPLICATE_METHOD_MATCH = YES;
				"CODE_SIGN_IDENTITY[sdk=iphoneos*]" = "iPhone Developer";
				COPY_PHASE_STRIP = NO;
				GCC_C_LANGUAGE_STANDARD = gnu99;
				GCC_DYNAMIC_NO_PIC = NO;
				GCC_OPTIMIZATION_LEVEL = 0;
				GCC_PREPROCESSOR_DEFINITIONS = (
					"DEBUG=1",
					"$(inherited)",
				);
				GCC_SYMBOLS_PRIVATE_EXTERN = NO;
				GCC_WARN_64_TO_32_BIT_CONVERSION = YES;
				GCC_WARN_ABOUT_RETURN_TYPE = YES_ERROR;
				GCC_WARN_UNDECLARED_SELECTOR = YES;
				GCC_WARN_UNINITIALIZED_AUTOS = YES_AGGRESSIVE;
				GCC_WARN_UNUSED_FUNCTION = YES;
				GCC_WARN_UNUSED_VARIABLE = YES;
				IPHONEOS_DEPLOYMENT_TARGET = 7.1;
				ONLY_ACTIVE_ARCH = YES;
				SDKROOT = iphoneos;
			};
			name = Debug;
		};
		6A395FE9191FBA9F00434D11 /* Release */ = {
			isa = XCBuildConfiguration;
			buildSettings = {
				ALWAYS_SEARCH_USER_PATHS = NO;
				CLANG_CXX_LANGUAGE_STANDARD = "gnu++0x";
				CLANG_CXX_LIBRARY = "libc++";
				CLANG_ENABLE_MODULES = YES;
				CLANG_ENABLE_OBJC_ARC = YES;
				CLANG_WARN_BOOL_CONVERSION = YES;
				CLANG_WARN_CONSTANT_CONVERSION = YES;
				CLANG_WARN_DIRECT_OBJC_ISA_USAGE = YES_ERROR;
				CLANG_WARN_EMPTY_BODY = YES;
				CLANG_WARN_ENUM_CONVERSION = YES;
				CLANG_WARN_INT_CONVERSION = YES;
				CLANG_WARN_OBJC_ROOT_CLASS = YES_ERROR;
				CLANG_WARN__DUPLICATE_METHOD_MATCH = YES;
				"CODE_SIGN_IDENTITY[sdk=iphoneos*]" = "iPhone Developer";
				COPY_PHASE_STRIP = YES;
				ENABLE_NS_ASSERTIONS = NO;
				GCC_C_LANGUAGE_STANDARD = gnu99;
				GCC_WARN_64_TO_32_BIT_CONVERSION = YES;
				GCC_WARN_ABOUT_RETURN_TYPE = YES_ERROR;
				GCC_WARN_UNDECLARED_SELECTOR = YES;
				GCC_WARN_UNINITIALIZED_AUTOS = YES_AGGRESSIVE;
				GCC_WARN_UNUSED_FUNCTION = YES;
				GCC_WARN_UNUSED_VARIABLE = YES;
				IPHONEOS_DEPLOYMENT_TARGET = 7.1;
				SDKROOT = iphoneos;
				VALIDATE_PRODUCT = YES;
			};
			name = Release;
		};
		6A395FEB191FBA9F00434D11 /* Debug */ = {
			isa = XCBuildConfiguration;
			buildSettings = {
				ASSETCATALOG_COMPILER_APPICON_NAME = AppIcon;
				ASSETCATALOG_COMPILER_LAUNCHIMAGE_NAME = LaunchImage;
				GCC_PRECOMPILE_PREFIX_HEADER = YES;
				GCC_PREFIX_HEADER = "RBVideoPickerDemo/RBVideoPickerDemo-Prefix.pch";
				INFOPLIST_FILE = "RBVideoPickerDemo/RBVideoPickerDemo-Info.plist";
				IPHONEOS_DEPLOYMENT_TARGET = 7.1;
				PRODUCT_NAME = "$(TARGET_NAME)";
				WRAPPER_EXTENSION = app;
			};
			name = Debug;
		};
		6A395FEC191FBA9F00434D11 /* Release */ = {
			isa = XCBuildConfiguration;
			buildSettings = {
				ASSETCATALOG_COMPILER_APPICON_NAME = AppIcon;
				ASSETCATALOG_COMPILER_LAUNCHIMAGE_NAME = LaunchImage;
				GCC_PRECOMPILE_PREFIX_HEADER = YES;
				GCC_PREFIX_HEADER = "RBVideoPickerDemo/RBVideoPickerDemo-Prefix.pch";
				INFOPLIST_FILE = "RBVideoPickerDemo/RBVideoPickerDemo-Info.plist";
				IPHONEOS_DEPLOYMENT_TARGET = 7.1;
				PRODUCT_NAME = "$(TARGET_NAME)";
				WRAPPER_EXTENSION = app;
			};
			name = Release;
		};
		6A395FEE191FBA9F00434D11 /* Debug */ = {
			isa = XCBuildConfiguration;
			buildSettings = {
				BUNDLE_LOADER = "$(BUILT_PRODUCTS_DIR)/RBVideoPickerDemo.app/RBVideoPickerDemo";
				FRAMEWORK_SEARCH_PATHS = (
					"$(SDKROOT)/Developer/Library/Frameworks",
					"$(inherited)",
					"$(DEVELOPER_FRAMEWORKS_DIR)",
				);
				GCC_PRECOMPILE_PREFIX_HEADER = YES;
				GCC_PREFIX_HEADER = "RBVideoPickerDemo/RBVideoPickerDemo-Prefix.pch";
				GCC_PREPROCESSOR_DEFINITIONS = (
					"DEBUG=1",
					"$(inherited)",
				);
				INFOPLIST_FILE = "RBVideoPickerDemoTests/RBVideoPickerDemoTests-Info.plist";
				PRODUCT_NAME = "$(TARGET_NAME)";
				TEST_HOST = "$(BUNDLE_LOADER)";
				WRAPPER_EXTENSION = xctest;
			};
			name = Debug;
		};
		6A395FEF191FBA9F00434D11 /* Release */ = {
			isa = XCBuildConfiguration;
			buildSettings = {
				BUNDLE_LOADER = "$(BUILT_PRODUCTS_DIR)/RBVideoPickerDemo.app/RBVideoPickerDemo";
				FRAMEWORK_SEARCH_PATHS = (
					"$(SDKROOT)/Developer/Library/Frameworks",
					"$(inherited)",
					"$(DEVELOPER_FRAMEWORKS_DIR)",
				);
				GCC_PRECOMPILE_PREFIX_HEADER = YES;
				GCC_PREFIX_HEADER = "RBVideoPickerDemo/RBVideoPickerDemo-Prefix.pch";
				INFOPLIST_FILE = "RBVideoPickerDemoTests/RBVideoPickerDemoTests-Info.plist";
				PRODUCT_NAME = "$(TARGET_NAME)";
				TEST_HOST = "$(BUNDLE_LOADER)";
				WRAPPER_EXTENSION = xctest;
			};
			name = Release;
		};
/* End XCBuildConfiguration section */

/* Begin XCConfigurationList section */
		6A395FB3191FBA9E00434D11 /* Build configuration list for PBXProject "RBVideoPickerDemo" */ = {
			isa = XCConfigurationList;
			buildConfigurations = (
				6A395FE8191FBA9F00434D11 /* Debug */,
				6A395FE9191FBA9F00434D11 /* Release */,
			);
			defaultConfigurationIsVisible = 0;
			defaultConfigurationName = Release;
		};
		6A395FEA191FBA9F00434D11 /* Build configuration list for PBXNativeTarget "RBVideoPickerDemo" */ = {
			isa = XCConfigurationList;
			buildConfigurations = (
				6A395FEB191FBA9F00434D11 /* Debug */,
				6A395FEC191FBA9F00434D11 /* Release */,
			);
			defaultConfigurationIsVisible = 0;
			defaultConfigurationName = Release;
		};
		6A395FED191FBA9F00434D11 /* Build configuration list for PBXNativeTarget "RBVideoPickerDemoTests" */ = {
			isa = XCConfigurationList;
			buildConfigurations = (
				6A395FEE191FBA9F00434D11 /* Debug */,
				6A395FEF191FBA9F00434D11 /* Release */,
			);
			defaultConfigurationIsVisible = 0;
			defaultConfigurationName = Release;
		};
/* End XCConfigurationList section */
	};
	rootObject = 6A395FB0191FBA9E00434D11 /* Project object */;
}
